// !$*UTF8*$!
{
	archiveVersion = 1;
	classes = {
	};
	objectVersion = 52;
	objects = {

/* Begin PBXBuildFile section */
		25BB1862F12B29DD7525EA30 /* Pods_ChatApp.framework in Frameworks */ = {isa = PBXBuildFile; fileRef = 484F3E3967D8D1B3D907AC15 /* Pods_ChatApp.framework */; };
		61070ECC23A8DC2A0047B5E9 /* GoogleService-Info.plist in Resources */ = {isa = PBXBuildFile; fileRef = 61070ECB23A8DC2A0047B5E9 /* GoogleService-Info.plist */; };
		61070ECE23A8FD560047B5E9 /* Constants.swift in Sources */ = {isa = PBXBuildFile; fileRef = 61070ECD23A8FD560047B5E9 /* Constants.swift */; };
		61070ED023A901760047B5E9 /* Message.swift in Sources */ = {isa = PBXBuildFile; fileRef = 61070ECF23A901760047B5E9 /* Message.swift */; };
		61070ED323A910620047B5E9 /* MessageCell.swift in Sources */ = {isa = PBXBuildFile; fileRef = 61070ED123A910620047B5E9 /* MessageCell.swift */; };
		61070ED423A910620047B5E9 /* MessageCell.xib in Resources */ = {isa = PBXBuildFile; fileRef = 61070ED223A910620047B5E9 /* MessageCell.xib */; };
		612FE7BD23AA192F000348F9 /* IQKeyboardManagerSwift in Frameworks */ = {isa = PBXBuildFile; productRef = 612FE7BC23AA192F000348F9 /* IQKeyboardManagerSwift */; };
		618D30E423A7BFAC0032F80D /* RegisterViewController.swift in Sources */ = {isa = PBXBuildFile; fileRef = 618D30E323A7BFAC0032F80D /* RegisterViewController.swift */; };
		618D30E623A7BFBD0032F80D /* LoginViewController.swift in Sources */ = {isa = PBXBuildFile; fileRef = 618D30E523A7BFBD0032F80D /* LoginViewController.swift */; };
		618D30E823A7BFC90032F80D /* ChatViewController.swift in Sources */ = {isa = PBXBuildFile; fileRef = 618D30E723A7BFC90032F80D /* ChatViewController.swift */; };
		61F8386123A7BE81009D22FB /* AppDelegate.swift in Sources */ = {isa = PBXBuildFile; fileRef = 61F8386023A7BE81009D22FB /* AppDelegate.swift */; };
		61F8386323A7BE81009D22FB /* SceneDelegate.swift in Sources */ = {isa = PBXBuildFile; fileRef = 61F8386223A7BE81009D22FB /* SceneDelegate.swift */; };
		61F8386523A7BE81009D22FB /* WelcomeViewController.swift in Sources */ = {isa = PBXBuildFile; fileRef = 61F8386423A7BE81009D22FB /* WelcomeViewController.swift */; };
		61F8386823A7BE81009D22FB /* Main.storyboard in Resources */ = {isa = PBXBuildFile; fileRef = 61F8386623A7BE81009D22FB /* Main.storyboard */; };
		61F8386A23A7BE83009D22FB /* Assets.xcassets in Resources */ = {isa = PBXBuildFile; fileRef = 61F8386923A7BE83009D22FB /* Assets.xcassets */; };
		61F8386D23A7BE83009D22FB /* LaunchScreen.storyboard in Resources */ = {isa = PBXBuildFile; fileRef = 61F8386B23A7BE83009D22FB /* LaunchScreen.storyboard */; };
/* End PBXBuildFile section */

/* Begin PBXFileReference section */
		0530D67B576615E13C20D69E /* Pods-ChatApp.debug.xcconfig */ = {isa = PBXFileReference; includeInIndex = 1; lastKnownFileType = text.xcconfig; name = "Pods-ChatApp.debug.xcconfig"; path = "Target Support Files/Pods-ChatApp/Pods-ChatApp.debug.xcconfig"; sourceTree = "<group>"; };
		155BC6678FF189D606B2D13C /* Pods-ChatApp.release.xcconfig */ = {isa = PBXFileReference; includeInIndex = 1; lastKnownFileType = text.xcconfig; name = "Pods-ChatApp.release.xcconfig"; path = "Target Support Files/Pods-ChatApp/Pods-ChatApp.release.xcconfig"; sourceTree = "<group>"; };
		484F3E3967D8D1B3D907AC15 /* Pods_ChatApp.framework */ = {isa = PBXFileReference; explicitFileType = wrapper.framework; includeInIndex = 0; path = Pods_ChatApp.framework; sourceTree = BUILT_PRODUCTS_DIR; };
		61070ECB23A8DC2A0047B5E9 /* GoogleService-Info.plist */ = {isa = PBXFileReference; fileEncoding = 4; lastKnownFileType = text.plist.xml; path = "GoogleService-Info.plist"; sourceTree = "<group>"; };
		61070ECD23A8FD560047B5E9 /* Constants.swift */ = {isa = PBXFileReference; lastKnownFileType = sourcecode.swift; path = Constants.swift; sourceTree = "<group>"; };
		61070ECF23A901760047B5E9 /* Message.swift */ = {isa = PBXFileReference; lastKnownFileType = sourcecode.swift; path = Message.swift; sourceTree = "<group>"; };
		61070ED123A910620047B5E9 /* MessageCell.swift */ = {isa = PBXFileReference; lastKnownFileType = sourcecode.swift; path = MessageCell.swift; sourceTree = "<group>"; };
		61070ED223A910620047B5E9 /* MessageCell.xib */ = {isa = PBXFileReference; lastKnownFileType = file.xib; path = MessageCell.xib; sourceTree = "<group>"; };
		618D30E323A7BFAC0032F80D /* RegisterViewController.swift */ = {isa = PBXFileReference; lastKnownFileType = sourcecode.swift; path = RegisterViewController.swift; sourceTree = "<group>"; };
		618D30E523A7BFBD0032F80D /* LoginViewController.swift */ = {isa = PBXFileReference; lastKnownFileType = sourcecode.swift; path = LoginViewController.swift; sourceTree = "<group>"; };
		618D30E723A7BFC90032F80D /* ChatViewController.swift */ = {isa = PBXFileReference; lastKnownFileType = sourcecode.swift; path = ChatViewController.swift; sourceTree = "<group>"; };
		61F8385D23A7BE81009D22FB /* Chat App.app */ = {isa = PBXFileReference; explicitFileType = wrapper.application; includeInIndex = 0; path = "Chat App.app"; sourceTree = BUILT_PRODUCTS_DIR; };
		61F8386023A7BE81009D22FB /* AppDelegate.swift */ = {isa = PBXFileReference; lastKnownFileType = sourcecode.swift; path = AppDelegate.swift; sourceTree = "<group>"; };
		61F8386223A7BE81009D22FB /* SceneDelegate.swift */ = {isa = PBXFileReference; lastKnownFileType = sourcecode.swift; path = SceneDelegate.swift; sourceTree = "<group>"; };
		61F8386423A7BE81009D22FB /* WelcomeViewController.swift */ = {isa = PBXFileReference; lastKnownFileType = sourcecode.swift; path = WelcomeViewController.swift; sourceTree = "<group>"; };
		61F8386723A7BE81009D22FB /* Base */ = {isa = PBXFileReference; lastKnownFileType = file.storyboard; name = Base; path = Base.lproj/Main.storyboard; sourceTree = "<group>"; };
		61F8386923A7BE83009D22FB /* Assets.xcassets */ = {isa = PBXFileReference; lastKnownFileType = folder.assetcatalog; path = Assets.xcassets; sourceTree = "<group>"; };
		61F8386C23A7BE83009D22FB /* Base */ = {isa = PBXFileReference; lastKnownFileType = file.storyboard; name = Base; path = Base.lproj/LaunchScreen.storyboard; sourceTree = "<group>"; };
		61F8386E23A7BE83009D22FB /* Info.plist */ = {isa = PBXFileReference; lastKnownFileType = text.plist.xml; path = Info.plist; sourceTree = "<group>"; };
/* End PBXFileReference section */

/* Begin PBXFrameworksBuildPhase section */
		61F8385A23A7BE81009D22FB /* Frameworks */ = {
			isa = PBXFrameworksBuildPhase;
			buildActionMask = 2147483647;
			files = (
				25BB1862F12B29DD7525EA30 /* Pods_ChatApp.framework in Frameworks */,
				612FE7BD23AA192F000348F9 /* IQKeyboardManagerSwift in Frameworks */,
			);
			runOnlyForDeploymentPostprocessing = 0;
		};
/* End PBXFrameworksBuildPhase section */

/* Begin PBXGroup section */
		618D30E923A7BFD60032F80D /* Models */ = {
			isa = PBXGroup;
			children = (
				61070ECF23A901760047B5E9 /* Message.swift */,
			);
			path = Models;
			sourceTree = "<group>";
		};
		61F8385423A7BE81009D22FB = {
			isa = PBXGroup;
			children = (
				61F8385F23A7BE81009D22FB /* ChatApp */,
				61F8385E23A7BE81009D22FB /* Products */,
				C52DC9676DFD6F5994190F82 /* Pods */,
				D2D1C2A93CE9A05A8580102A /* Frameworks */,
			);
			sourceTree = "<group>";
		};
		61F8385E23A7BE81009D22FB /* Products */ = {
			isa = PBXGroup;
			children = (
				61F8385D23A7BE81009D22FB /* Chat App.app */,
			);
			name = Products;
			sourceTree = "<group>";
		};
		61F8385F23A7BE81009D22FB /* ChatApp */ = {
			isa = PBXGroup;
			children = (
				61F8386023A7BE81009D22FB /* AppDelegate.swift */,
				61F8386223A7BE81009D22FB /* SceneDelegate.swift */,
				618D30E923A7BFD60032F80D /* Models */,
				61F8387523A7BEF7009D22FB /* Views */,
				61F8387423A7BEE1009D22FB /* Controllers */,
				61F8386923A7BE83009D22FB /* Assets.xcassets */,
				61F8386B23A7BE83009D22FB /* LaunchScreen.storyboard */,
				61F8386E23A7BE83009D22FB /* Info.plist */,
				61070ECB23A8DC2A0047B5E9 /* GoogleService-Info.plist */,
				61070ECD23A8FD560047B5E9 /* Constants.swift */,
			);
			path = ChatApp;
			sourceTree = "<group>";
		};
		61F8387423A7BEE1009D22FB /* Controllers */ = {
			isa = PBXGroup;
			children = (
				61F8386423A7BE81009D22FB /* WelcomeViewController.swift */,
				618D30E323A7BFAC0032F80D /* RegisterViewController.swift */,
				618D30E523A7BFBD0032F80D /* LoginViewController.swift */,
				618D30E723A7BFC90032F80D /* ChatViewController.swift */,
			);
			path = Controllers;
			sourceTree = "<group>";
		};
		61F8387523A7BEF7009D22FB /* Views */ = {
			isa = PBXGroup;
			children = (
				61F8386623A7BE81009D22FB /* Main.storyboard */,
				61070ED123A910620047B5E9 /* MessageCell.swift */,
				61070ED223A910620047B5E9 /* MessageCell.xib */,
			);
			path = Views;
			sourceTree = "<group>";
		};
		C52DC9676DFD6F5994190F82 /* Pods */ = {
			isa = PBXGroup;
			children = (
				0530D67B576615E13C20D69E /* Pods-ChatApp.debug.xcconfig */,
				155BC6678FF189D606B2D13C /* Pods-ChatApp.release.xcconfig */,
			);
			path = Pods;
			sourceTree = "<group>";
		};
		D2D1C2A93CE9A05A8580102A /* Frameworks */ = {
			isa = PBXGroup;
			children = (
				484F3E3967D8D1B3D907AC15 /* Pods_ChatApp.framework */,
			);
			name = Frameworks;
			sourceTree = "<group>";
		};
/* End PBXGroup section */

/* Begin PBXNativeTarget section */
		61F8385C23A7BE81009D22FB /* ChatApp */ = {
			isa = PBXNativeTarget;
			buildConfigurationList = 61F8387123A7BE83009D22FB /* Build configuration list for PBXNativeTarget "ChatApp" */;
			buildPhases = (
				DF61A857CB28BF79A9C6D10F /* [CP] Check Pods Manifest.lock */,
				61F8385923A7BE81009D22FB /* Sources */,
				61F8385A23A7BE81009D22FB /* Frameworks */,
				61F8385B23A7BE81009D22FB /* Resources */,
				C7447EA1215FD8ADB647A8FD /* [CP] Embed Pods Frameworks */,
			);
			buildRules = (
			);
			dependencies = (
			);
			name = ChatApp;
			packageProductDependencies = (
				612FE7BC23AA192F000348F9 /* IQKeyboardManagerSwift */,
			);
			productName = ChatApp;
			productReference = 61F8385D23A7BE81009D22FB /* Chat App.app */;
			productType = "com.apple.product-type.application";
		};
/* End PBXNativeTarget section */

/* Begin PBXProject section */
		61F8385523A7BE81009D22FB /* Project object */ = {
			isa = PBXProject;
			attributes = {
				LastSwiftUpdateCheck = 1130;
				LastUpgradeCheck = 1130;
				ORGANIZATIONNAME = "Arseniy Paevshchikov";
				TargetAttributes = {
					61F8385C23A7BE81009D22FB = {
						CreatedOnToolsVersion = 11.3;
					};
				};
			};
			buildConfigurationList = 61F8385823A7BE81009D22FB /* Build configuration list for PBXProject "ChatApp" */;
			compatibilityVersion = "Xcode 9.3";
			developmentRegion = en;
			hasScannedForEncodings = 0;
			knownRegions = (
				en,
				Base,
			);
			mainGroup = 61F8385423A7BE81009D22FB;
			packageReferences = (
				612FE7BB23AA192F000348F9 /* XCRemoteSwiftPackageReference "IQKeyboardManager" */,
			);
			productRefGroup = 61F8385E23A7BE81009D22FB /* Products */;
			projectDirPath = "";
			projectRoot = "";
			targets = (
				61F8385C23A7BE81009D22FB /* ChatApp */,
			);
		};
/* End PBXProject section */

/* Begin PBXResourcesBuildPhase section */
		61F8385B23A7BE81009D22FB /* Resources */ = {
			isa = PBXResourcesBuildPhase;
			buildActionMask = 2147483647;
			files = (
				61070ED423A910620047B5E9 /* MessageCell.xib in Resources */,
				61F8386D23A7BE83009D22FB /* LaunchScreen.storyboard in Resources */,
				61070ECC23A8DC2A0047B5E9 /* GoogleService-Info.plist in Resources */,
				61F8386A23A7BE83009D22FB /* Assets.xcassets in Resources */,
				61F8386823A7BE81009D22FB /* Main.storyboard in Resources */,
			);
			runOnlyForDeploymentPostprocessing = 0;
		};
/* End PBXResourcesBuildPhase section */

/* Begin PBXShellScriptBuildPhase section */
		C7447EA1215FD8ADB647A8FD /* [CP] Embed Pods Frameworks */ = {
			isa = PBXShellScriptBuildPhase;
			buildActionMask = 2147483647;
			files = (
			);
			inputFileListPaths = (
				"${PODS_ROOT}/Target Support Files/Pods-ChatApp/Pods-ChatApp-frameworks-${CONFIGURATION}-input-files.xcfilelist",
			);
			name = "[CP] Embed Pods Frameworks";
			outputFileListPaths = (
				"${PODS_ROOT}/Target Support Files/Pods-ChatApp/Pods-ChatApp-frameworks-${CONFIGURATION}-output-files.xcfilelist",
			);
			runOnlyForDeploymentPostprocessing = 0;
			shellPath = /bin/sh;
			shellScript = "\"${PODS_ROOT}/Target Support Files/Pods-ChatApp/Pods-ChatApp-frameworks.sh\"\n";
			showEnvVarsInLog = 0;
		};
		DF61A857CB28BF79A9C6D10F /* [CP] Check Pods Manifest.lock */ = {
			isa = PBXShellScriptBuildPhase;
			buildActionMask = 2147483647;
			files = (
			);
			inputFileListPaths = (
			);
			inputPaths = (
				"${PODS_PODFILE_DIR_PATH}/Podfile.lock",
				"${PODS_ROOT}/Manifest.lock",
			);
			name = "[CP] Check Pods Manifest.lock";
			outputFileListPaths = (
			);
			outputPaths = (
				"$(DERIVED_FILE_DIR)/Pods-ChatApp-checkManifestLockResult.txt",
			);
			runOnlyForDeploymentPostprocessing = 0;
			shellPath = /bin/sh;
			shellScript = "diff \"${PODS_PODFILE_DIR_PATH}/Podfile.lock\" \"${PODS_ROOT}/Manifest.lock\" > /dev/null\nif [ $? != 0 ] ; then\n    # print error to STDERR\n    echo \"error: The sandbox is not in sync with the Podfile.lock. Run 'pod install' or update your CocoaPods installation.\" >&2\n    exit 1\nfi\n# This output is used by Xcode 'outputs' to avoid re-running this script phase.\necho \"SUCCESS\" > \"${SCRIPT_OUTPUT_FILE_0}\"\n";
			showEnvVarsInLog = 0;
		};
/* End PBXShellScriptBuildPhase section */

/* Begin PBXSourcesBuildPhase section */
		61F8385923A7BE81009D22FB /* Sources */ = {
			isa = PBXSourcesBuildPhase;
			buildActionMask = 2147483647;
			files = (
				61F8386523A7BE81009D22FB /* WelcomeViewController.swift in Sources */,
				61F8386123A7BE81009D22FB /* AppDelegate.swift in Sources */,
				61F8386323A7BE81009D22FB /* SceneDelegate.swift in Sources */,
				618D30E623A7BFBD0032F80D /* LoginViewController.swift in Sources */,
				61070ECE23A8FD560047B5E9 /* Constants.swift in Sources */,
				61070ED023A901760047B5E9 /* Message.swift in Sources */,
				618D30E823A7BFC90032F80D /* ChatViewController.swift in Sources */,
				618D30E423A7BFAC0032F80D /* RegisterViewController.swift in Sources */,
				61070ED323A910620047B5E9 /* MessageCell.swift in Sources */,
			);
			runOnlyForDeploymentPostprocessing = 0;
		};
/* End PBXSourcesBuildPhase section */

/* Begin PBXVariantGroup section */
		61F8386623A7BE81009D22FB /* Main.storyboard */ = {
			isa = PBXVariantGroup;
			children = (
				61F8386723A7BE81009D22FB /* Base */,
			);
			name = Main.storyboard;
			sourceTree = "<group>";
		};
		61F8386B23A7BE83009D22FB /* LaunchScreen.storyboard */ = {
			isa = PBXVariantGroup;
			children = (
				61F8386C23A7BE83009D22FB /* Base */,
			);
			name = LaunchScreen.storyboard;
			sourceTree = "<group>";
		};
/* End PBXVariantGroup section */

/* Begin XCBuildConfiguration section */
		61F8386F23A7BE83009D22FB /* Debug */ = {
			isa = XCBuildConfiguration;
			buildSettings = {
				ALWAYS_SEARCH_USER_PATHS = NO;
				CLANG_ANALYZER_NONNULL = YES;
				CLANG_ANALYZER_NUMBER_OBJECT_CONVERSION = YES_AGGRESSIVE;
				CLANG_CXX_LANGUAGE_STANDARD = "gnu++14";
				CLANG_CXX_LIBRARY = "libc++";
				CLANG_ENABLE_MODULES = YES;
				CLANG_ENABLE_OBJC_ARC = YES;
				CLANG_ENABLE_OBJC_WEAK = YES;
				CLANG_WARN_BLOCK_CAPTURE_AUTORELEASING = YES;
				CLANG_WARN_BOOL_CONVERSION = YES;
				CLANG_WARN_COMMA = YES;
				CLANG_WARN_CONSTANT_CONVERSION = YES;
				CLANG_WARN_DEPRECATED_OBJC_IMPLEMENTATIONS = YES;
				CLANG_WARN_DIRECT_OBJC_ISA_USAGE = YES_ERROR;
				CLANG_WARN_DOCUMENTATION_COMMENTS = YES;
				CLANG_WARN_EMPTY_BODY = YES;
				CLANG_WARN_ENUM_CONVERSION = YES;
				CLANG_WARN_INFINITE_RECURSION = YES;
				CLANG_WARN_INT_CONVERSION = YES;
				CLANG_WARN_NON_LITERAL_NULL_CONVERSION = YES;
				CLANG_WARN_OBJC_IMPLICIT_RETAIN_SELF = YES;
				CLANG_WARN_OBJC_LITERAL_CONVERSION = YES;
				CLANG_WARN_OBJC_ROOT_CLASS = YES_ERROR;
				CLANG_WARN_RANGE_LOOP_ANALYSIS = YES;
				CLANG_WARN_STRICT_PROTOTYPES = YES;
				CLANG_WARN_SUSPICIOUS_MOVE = YES;
				CLANG_WARN_UNGUARDED_AVAILABILITY = YES_AGGRESSIVE;
				CLANG_WARN_UNREACHABLE_CODE = YES;
				CLANG_WARN__DUPLICATE_METHOD_MATCH = YES;
				COPY_PHASE_STRIP = NO;
				DEBUG_INFORMATION_FORMAT = dwarf;
				ENABLE_STRICT_OBJC_MSGSEND = YES;
				ENABLE_TESTABILITY = YES;
				GCC_C_LANGUAGE_STANDARD = gnu11;
				GCC_DYNAMIC_NO_PIC = NO;
				GCC_NO_COMMON_BLOCKS = YES;
				GCC_OPTIMIZATION_LEVEL = 0;
				GCC_PREPROCESSOR_DEFINITIONS = (
					"DEBUG=1",
					"$(inherited)",
				);
				GCC_WARN_64_TO_32_BIT_CONVERSION = YES;
				GCC_WARN_ABOUT_RETURN_TYPE = YES_ERROR;
				GCC_WARN_UNDECLARED_SELECTOR = YES;
				GCC_WARN_UNINITIALIZED_AUTOS = YES_AGGRESSIVE;
				GCC_WARN_UNUSED_FUNCTION = YES;
				GCC_WARN_UNUSED_VARIABLE = YES;
				IPHONEOS_DEPLOYMENT_TARGET = 13.2;
				MTL_ENABLE_DEBUG_INFO = INCLUDE_SOURCE;
				MTL_FAST_MATH = YES;
				ONLY_ACTIVE_ARCH = YES;
				SDKROOT = iphoneos;
				SWIFT_ACTIVE_COMPILATION_CONDITIONS = DEBUG;
				SWIFT_OPTIMIZATION_LEVEL = "-Onone";
			};
			name = Debug;
		};
		61F8387023A7BE83009D22FB /* Release */ = {
			isa = XCBuildConfiguration;
			buildSettings = {
				ALWAYS_SEARCH_USER_PATHS = NO;
				CLANG_ANALYZER_NONNULL = YES;
				CLANG_ANALYZER_NUMBER_OBJECT_CONVERSION = YES_AGGRESSIVE;
				CLANG_CXX_LANGUAGE_STANDARD = "gnu++14";
				CLANG_CXX_LIBRARY = "libc++";
				CLANG_ENABLE_MODULES = YES;
				CLANG_ENABLE_OBJC_ARC = YES;
				CLANG_ENABLE_OBJC_WEAK = YES;
				CLANG_WARN_BLOCK_CAPTURE_AUTORELEASING = YES;
				CLANG_WARN_BOOL_CONVERSION = YES;
				CLANG_WARN_COMMA = YES;
				CLANG_WARN_CONSTANT_CONVERSION = YES;
				CLANG_WARN_DEPRECATED_OBJC_IMPLEMENTATIONS = YES;
				CLANG_WARN_DIRECT_OBJC_ISA_USAGE = YES_ERROR;
				CLANG_WARN_DOCUMENTATION_COMMENTS = YES;
				CLANG_WARN_EMPTY_BODY = YES;
				CLANG_WARN_ENUM_CONVERSION = YES;
				CLANG_WARN_INFINITE_RECURSION = YES;
				CLANG_WARN_INT_CONVERSION = YES;
				CLANG_WARN_NON_LITERAL_NULL_CONVERSION = YES;
				CLANG_WARN_OBJC_IMPLICIT_RETAIN_SELF = YES;
				CLANG_WARN_OBJC_LITERAL_CONVERSION = YES;
				CLANG_WARN_OBJC_ROOT_CLASS = YES_ERROR;
				CLANG_WARN_RANGE_LOOP_ANALYSIS = YES;
				CLANG_WARN_STRICT_PROTOTYPES = YES;
				CLANG_WARN_SUSPICIOUS_MOVE = YES;
				CLANG_WARN_UNGUARDED_AVAILABILITY = YES_AGGRESSIVE;
				CLANG_WARN_UNREACHABLE_CODE = YES;
				CLANG_WARN__DUPLICATE_METHOD_MATCH = YES;
				COPY_PHASE_STRIP = NO;
				DEBUG_INFORMATION_FORMAT = "dwarf-with-dsym";
				ENABLE_NS_ASSERTIONS = NO;
				ENABLE_STRICT_OBJC_MSGSEND = YES;
				GCC_C_LANGUAGE_STANDARD = gnu11;
				GCC_NO_COMMON_BLOCKS = YES;
				GCC_WARN_64_TO_32_BIT_CONVERSION = YES;
				GCC_WARN_ABOUT_RETURN_TYPE = YES_ERROR;
				GCC_WARN_UNDECLARED_SELECTOR = YES;
				GCC_WARN_UNINITIALIZED_AUTOS = YES_AGGRESSIVE;
				GCC_WARN_UNUSED_FUNCTION = YES;
				GCC_WARN_UNUSED_VARIABLE = YES;
				IPHONEOS_DEPLOYMENT_TARGET = 13.2;
				MTL_ENABLE_DEBUG_INFO = NO;
				MTL_FAST_MATH = YES;
				SDKROOT = iphoneos;
				SWIFT_COMPILATION_MODE = wholemodule;
				SWIFT_OPTIMIZATION_LEVEL = "-O";
				VALIDATE_PRODUCT = YES;
			};
			name = Release;
		};
		61F8387223A7BE83009D22FB /* Debug */ = {
			isa = XCBuildConfiguration;
			baseConfigurationReference = 0530D67B576615E13C20D69E /* Pods-ChatApp.debug.xcconfig */;
			buildSettings = {
				ASSETCATALOG_COMPILER_APPICON_NAME = AppIcon;
				CODE_SIGN_STYLE = Automatic;
				DEVELOPMENT_TEAM = 69QP446KVW;
				INFOPLIST_FILE = ChatApp/Info.plist;
				LD_RUNPATH_SEARCH_PATHS = (
					"$(inherited)",
					"@executable_path/Frameworks",
				);
				PRODUCT_BUNDLE_IDENTIFIER = "ru.Arseniy-Paevshchikov.ChatApp.Chat-App";
				PRODUCT_NAME = "Chat App";
				SWIFT_VERSION = 5.0;
				TARGETED_DEVICE_FAMILY = "1,2";
			};
			name = Debug;
		};
		61F8387323A7BE83009D22FB /* Release */ = {
			isa = XCBuildConfiguration;
			baseConfigurationReference = 155BC6678FF189D606B2D13C /* Pods-ChatApp.release.xcconfig */;
			buildSettings = {
				ASSETCATALOG_COMPILER_APPICON_NAME = AppIcon;
				CODE_SIGN_STYLE = Automatic;
				DEVELOPMENT_TEAM = 69QP446KVW;
				INFOPLIST_FILE = ChatApp/Info.plist;
				LD_RUNPATH_SEARCH_PATHS = (
					"$(inherited)",
					"@executable_path/Frameworks",
				);
				PRODUCT_BUNDLE_IDENTIFIER = "ru.Arseniy-Paevshchikov.ChatApp.Chat-App";
				PRODUCT_NAME = "Chat App";
				SWIFT_VERSION = 5.0;
				TARGETED_DEVICE_FAMILY = "1,2";
			};
			name = Release;
		};
/* End XCBuildConfiguration section */

/* Begin XCConfigurationList section */
		61F8385823A7BE81009D22FB /* Build configuration list for PBXProject "ChatApp" */ = {
			isa = XCConfigurationList;
			buildConfigurations = (
				61F8386F23A7BE83009D22FB /* Debug */,
				61F8387023A7BE83009D22FB /* Release */,
			);
			defaultConfigurationIsVisible = 0;
			defaultConfigurationName = Release;
		};
		61F8387123A7BE83009D22FB /* Build configuration list for PBXNativeTarget "ChatApp" */ = {
			isa = XCConfigurationList;
			buildConfigurations = (
				61F8387223A7BE83009D22FB /* Debug */,
				61F8387323A7BE83009D22FB /* Release */,
			);
			defaultConfigurationIsVisible = 0;
			defaultConfigurationName = Release;
		};
/* End XCConfigurationList section */

/* Begin XCRemoteSwiftPackageReference section */
		612FE7BB23AA192F000348F9 /* XCRemoteSwiftPackageReference "IQKeyboardManager" */ = {
			isa = XCRemoteSwiftPackageReference;
			repositoryURL = "https://github.com/hackiftekhar/IQKeyboardManager";
			requirement = {
				kind = upToNextMajorVersion;
				minimumVersion = 6.5.4;
			};
		};
/* End XCRemoteSwiftPackageReference section */

/* Begin XCSwiftPackageProductDependency section */
		612FE7BC23AA192F000348F9 /* IQKeyboardManagerSwift */ = {
			isa = XCSwiftPackageProductDependency;
			package = 612FE7BB23AA192F000348F9 /* XCRemoteSwiftPackageReference "IQKeyboardManager" */;
			productName = IQKeyboardManagerSwift;
		};
/* End XCSwiftPackageProductDependency section */
	};
	rootObject = 61F8385523A7BE81009D22FB /* Project object */;
}
